{
  "version": 4,
  "terraform_version": "0.12.24",
  "serial": 85,
  "lineage": "4182b181-abda-5065-f422-8a612878305c",
  "outputs": {
    "psp_alb_sg_id": {
      "value": "sg-0aaa31a1b278a5204",
      "type": "string"
    },
    "test-cert_id": {
      "value": "arn:aws:acm:eu-west-1:104174084552:certificate/332bf991-1928-4e7e-a96e-79214a0926a8",
      "type": "string"
    }
  },
  "resources": [
    {
      "module": "module.s3_bucket",
      "mode": "data",
      "type": "aws_elb_service_account",
      "name": "this",
      "each": "list",
      "provider": "provider.aws",
      "instances": []
    },
    {
      "module": "module.s3_bucket",
      "mode": "data",
      "type": "aws_iam_policy_document",
      "name": "elb_log_delivery",
      "each": "list",
      "provider": "provider.aws",
      "instances": []
    },
    {
      "module": "module.acm",
      "mode": "managed",
      "type": "aws_acm_certificate",
      "name": "this",
      "each": "list",
      "provider": "provider.aws",
      "instances": [
        {
          "index_key": 0,
          "schema_version": 0,
          "attributes": {
            "arn": "arn:aws:acm:eu-west-1:104174084552:certificate/332bf991-1928-4e7e-a96e-79214a0926a8",
            "certificate_authority_arn": "",
            "certificate_body": null,
            "certificate_chain": null,
            "domain_name": "mikmclean.co.uk",
            "domain_validation_options": [
              {
                "domain_name": "mikmclean.co.uk",
                "resource_record_name": "_dfa82b9470aab962d593e2abff806e4c.mikmclean.co.uk.",
                "resource_record_type": "CNAME",
                "resource_record_value": "_8721c306cf360e0488fd725861fc2ea5.nhqijqilxf.acm-validations.aws."
              },
              {
                "domain_name": "*.mikmclean.co.uk",
                "resource_record_name": "_dfa82b9470aab962d593e2abff806e4c.mikmclean.co.uk.",
                "resource_record_type": "CNAME",
                "resource_record_value": "_8721c306cf360e0488fd725861fc2ea5.nhqijqilxf.acm-validations.aws."
              },
              {
                "domain_name": "app.sub.mikmclean.co.uk",
                "resource_record_name": "_41d4ac8c71977f0c5410cac263074e0c.app.sub.mikmclean.co.uk.",
                "resource_record_type": "CNAME",
                "resource_record_value": "_6d9463e4f5c6b4648dac967bcd510c07.nhqijqilxf.acm-validations.aws."
              }
            ],
            "id": "arn:aws:acm:eu-west-1:104174084552:certificate/332bf991-1928-4e7e-a96e-79214a0926a8",
            "options": [
              {
                "certificate_transparency_logging_preference": "ENABLED"
              }
            ],
            "private_key": null,
            "subject_alternative_names": [
              "*.mikmclean.co.uk",
              "app.sub.mikmclean.co.uk"
            ],
            "tags": {
              "Name": "mikmclean.co.uk"
            },
            "validation_emails": [],
            "validation_method": "DNS"
          },
          "private": "bnVsbA=="
        }
      ]
    },
    {
      "module": "module.acm",
      "mode": "managed",
      "type": "aws_acm_certificate_validation",
      "name": "this",
      "each": "list",
      "provider": "provider.aws",
      "instances": [
        {
          "index_key": 0,
          "schema_version": 0,
          "attributes": {
            "certificate_arn": "arn:aws:acm:eu-west-1:104174084552:certificate/332bf991-1928-4e7e-a96e-79214a0926a8",
            "id": "2020-04-03 16:25:14 +0000 UTC",
            "timeouts": null,
            "validation_record_fqdns": [
              "_41d4ac8c71977f0c5410cac263074e0c.app.sub.mikmclean.co.uk",
              "_dfa82b9470aab962d593e2abff806e4c.mikmclean.co.uk"
            ]
          },
          "private": "eyJlMmJmYjczMC1lY2FhLTExZTYtOGY4OC0zNDM2M2JjN2M0YzAiOnsiY3JlYXRlIjoyNzAwMDAwMDAwMDAwfX0=",
          "dependencies": [
            "module.acm.aws_acm_certificate.this",
            "module.acm.aws_route53_record.validation"
          ]
        }
      ]
    },
    {
      "module": "module.key_pair",
      "mode": "managed",
      "type": "aws_key_pair",
      "name": "this",
      "each": "list",
      "provider": "provider.aws",
      "instances": [
        {
          "index_key": 0,
          "schema_version": 1,
          "attributes": {
            "fingerprint": "07:a4:32:d0:34:04:6d:cc:3e:5a:77:cd:5f:ea:cb:6e",
            "id": "TEST-PSP",
            "key_name": "TEST-PSP",
            "key_name_prefix": null,
            "key_pair_id": "key-054b152a019d80864",
            "public_key": "ssh-rsa AAAAB3NzaC1yc2EAAAADAQABAAABAQC1S0BlJYTaAA0gTqEfuz/+HjOzTjWJh3rLv9dqgjTV2o6xLzE7J8VrbQGyAjr3X9nQuM5soX3QxFZrrMtAXf/pXe7LE9n12gggmjBg45L/agQMnSKTdxJWEcf8628WDbOZ09uY6z7FC11m3KLOB5kyY68gtBArM/xuxVBKpBW3JW1le+vggdDp5kPBtMo4Bdpf6aYjxmqmstSP4Tlw1ef2440dxCCPSHa5IZu2givjXwgnOFnLOT/S/LJHPouZwfHnw+DHnWfxFJBD+S2e4/gVm09GWa4nEITxin9SS08/qC31TasJDHv7CGbJ1xWNZhtL9X64e8CEREkz/MPu5f9n",
            "tags": null
          },
          "private": "eyJzY2hlbWFfdmVyc2lvbiI6IjEifQ==",
          "dependencies": [
            "tls_private_key.TEST-PSP"
          ]
        }
      ]
    },
    {
      "module": "module.alb",
      "mode": "managed",
      "type": "aws_lb",
      "name": "this",
      "each": "list",
      "provider": "provider.aws",
      "instances": [
        {
          "index_key": 0,
          "schema_version": 0,
          "attributes": {
            "access_logs": [
              {
                "bucket": "",
                "enabled": false,
                "prefix": ""
              }
            ],
            "arn": "arn:aws:elasticloadbalancing:eu-west-1:104174084552:loadbalancer/app/psp-app-lb/0224cc4f500810bf",
            "arn_suffix": "app/psp-app-lb/0224cc4f500810bf",
            "dns_name": "psp-app-lb-52649480.eu-west-1.elb.amazonaws.com",
            "drop_invalid_header_fields": false,
            "enable_cross_zone_load_balancing": null,
            "enable_deletion_protection": false,
            "enable_http2": true,
            "id": "arn:aws:elasticloadbalancing:eu-west-1:104174084552:loadbalancer/app/psp-app-lb/0224cc4f500810bf",
            "idle_timeout": 60,
            "internal": false,
            "ip_address_type": "ipv4",
            "load_balancer_type": "application",
            "name": "psp-app-lb",
            "name_prefix": null,
            "security_groups": [
              "sg-0aaa31a1b278a5204"
            ],
            "subnet_mapping": [
              {
                "allocation_id": "",
                "subnet_id": "subnet-0ac026c7191a1931b"
              },
              {
                "allocation_id": "",
                "subnet_id": "subnet-0e90bee9455ee4b12"
              },
              {
                "allocation_id": "",
                "subnet_id": "subnet-0fb32465f9a0c3f6d"
              }
            ],
            "subnets": [
              "subnet-0ac026c7191a1931b",
              "subnet-0e90bee9455ee4b12",
              "subnet-0fb32465f9a0c3f6d"
            ],
            "tags": {
              "Name": "psp-app-lb"
            },
            "timeouts": {
              "create": "10m",
              "delete": "10m",
              "update": "10m"
            },
            "vpc_id": "vpc-2df94b4a",
            "zone_id": "Z32O12XQLNTSW2"
          },
          "private": "eyJlMmJmYjczMC1lY2FhLTExZTYtOGY4OC0zNDM2M2JjN2M0YzAiOnsiY3JlYXRlIjo2MDAwMDAwMDAwMDAsImRlbGV0ZSI6NjAwMDAwMDAwMDAwLCJ1cGRhdGUiOjYwMDAwMDAwMDAwMH19",
          "dependencies": [
            "module.alb_sg.aws_security_group.this",
            "module.alb_sg.aws_security_group.this_name_prefix"
          ]
        }
      ]
    },
    {
      "module": "module.alb",
      "mode": "managed",
      "type": "aws_lb_listener",
      "name": "frontend_http_tcp",
      "each": "list",
      "provider": "provider.aws",
      "instances": []
    },
    {
      "module": "module.alb",
      "mode": "managed",
      "type": "aws_lb_listener",
      "name": "frontend_https",
      "each": "list",
      "provider": "provider.aws",
      "instances": [
        {
          "index_key": 0,
          "schema_version": 0,
          "attributes": {
            "arn": "arn:aws:elasticloadbalancing:eu-west-1:104174084552:listener/app/psp-app-lb/0224cc4f500810bf/c9f54ac81d66bdd0",
            "certificate_arn": "arn:aws:acm:eu-west-1:104174084552:certificate/332bf991-1928-4e7e-a96e-79214a0926a8",
            "default_action": [
              {
                "authenticate_cognito": [],
                "authenticate_oidc": [],
                "fixed_response": [],
                "order": 1,
                "redirect": [],
                "target_group_arn": "arn:aws:elasticloadbalancing:eu-west-1:104174084552:targetgroup/psp-https-blue/59c5281842fabde0",
                "type": "forward"
              }
            ],
            "id": "arn:aws:elasticloadbalancing:eu-west-1:104174084552:listener/app/psp-app-lb/0224cc4f500810bf/c9f54ac81d66bdd0",
            "load_balancer_arn": "arn:aws:elasticloadbalancing:eu-west-1:104174084552:loadbalancer/app/psp-app-lb/0224cc4f500810bf",
            "port": 443,
            "protocol": "HTTPS",
            "ssl_policy": "ELBSecurityPolicy-2016-08",
            "timeouts": null
          },
          "private": "eyJlMmJmYjczMC1lY2FhLTExZTYtOGY4OC0zNDM2M2JjN2M0YzAiOnsicmVhZCI6NjAwMDAwMDAwMDAwfX0=",
          "dependencies": [
            "module.acm.aws_acm_certificate.this",
            "module.alb.aws_lb.this",
            "module.alb.aws_lb_target_group.main",
            "module.alb_sg.aws_security_group.this",
            "module.alb_sg.aws_security_group.this_name_prefix"
          ]
        }
      ]
    },
    {
      "module": "module.alb",
      "mode": "managed",
      "type": "aws_lb_listener_certificate",
      "name": "https_listener",
      "each": "list",
      "provider": "provider.aws",
      "instances": []
    },
    {
      "module": "module.alb",
      "mode": "managed",
      "type": "aws_lb_target_group",
      "name": "main",
      "each": "list",
      "provider": "provider.aws",
      "instances": [
        {
          "index_key": 0,
          "schema_version": 0,
          "attributes": {
            "arn": "arn:aws:elasticloadbalancing:eu-west-1:104174084552:targetgroup/psp-https-blue/59c5281842fabde0",
            "arn_suffix": "targetgroup/psp-https-blue/59c5281842fabde0",
            "deregistration_delay": 300,
            "health_check": [
              {
                "enabled": true,
                "healthy_threshold": 5,
                "interval": 30,
                "matcher": "200",
                "path": "/",
                "port": "traffic-port",
                "protocol": "HTTP",
                "timeout": 5,
                "unhealthy_threshold": 2
              }
            ],
            "id": "arn:aws:elasticloadbalancing:eu-west-1:104174084552:targetgroup/psp-https-blue/59c5281842fabde0",
            "lambda_multi_value_headers_enabled": false,
            "load_balancing_algorithm_type": "round_robin",
            "name": "psp-https-blue",
            "name_prefix": null,
            "port": 80,
            "protocol": "HTTP",
            "proxy_protocol_v2": false,
            "slow_start": 0,
            "stickiness": [
              {
                "cookie_duration": 86400,
                "enabled": false,
                "type": "lb_cookie"
              }
            ],
            "tags": {
              "Name": "psp-https-blue"
            },
            "target_type": "instance",
            "vpc_id": "vpc-2df94b4a"
          },
          "private": "bnVsbA==",
          "dependencies": [
            "module.alb.aws_lb.this",
            "module.alb_sg.aws_security_group.this",
            "module.alb_sg.aws_security_group.this_name_prefix"
          ]
        },
        {
          "index_key": 1,
          "schema_version": 0,
          "attributes": {
            "arn": "arn:aws:elasticloadbalancing:eu-west-1:104174084552:targetgroup/psp-https-green/d115677c63da6063",
            "arn_suffix": "targetgroup/psp-https-green/d115677c63da6063",
            "deregistration_delay": 300,
            "health_check": [
              {
                "enabled": true,
                "healthy_threshold": 5,
                "interval": 30,
                "matcher": "200",
                "path": "/",
                "port": "traffic-port",
                "protocol": "HTTP",
                "timeout": 5,
                "unhealthy_threshold": 2
              }
            ],
            "id": "arn:aws:elasticloadbalancing:eu-west-1:104174084552:targetgroup/psp-https-green/d115677c63da6063",
            "lambda_multi_value_headers_enabled": false,
            "load_balancing_algorithm_type": "round_robin",
            "name": "psp-https-green",
            "name_prefix": null,
            "port": 80,
            "protocol": "HTTP",
            "proxy_protocol_v2": false,
            "slow_start": 0,
            "stickiness": [
              {
                "cookie_duration": 86400,
                "enabled": false,
                "type": "lb_cookie"
              }
            ],
            "tags": {
              "Name": "psp-https-green"
            },
            "target_type": "instance",
            "vpc_id": "vpc-2df94b4a"
          },
          "private": "bnVsbA==",
          "dependencies": [
            "module.alb.aws_lb.this",
            "module.alb_sg.aws_security_group.this",
            "module.alb_sg.aws_security_group.this_name_prefix"
          ]
        },
        {
          "index_key": 2,
          "schema_version": 0,
          "attributes": {
            "arn": "arn:aws:elasticloadbalancing:eu-west-1:104174084552:targetgroup/psp-https-pxy/e81d7649b064200d",
            "arn_suffix": "targetgroup/psp-https-pxy/e81d7649b064200d",
            "deregistration_delay": 300,
            "health_check": [
              {
                "enabled": true,
                "healthy_threshold": 5,
                "interval": 30,
                "matcher": "200",
                "path": "/",
                "port": "traffic-port",
                "protocol": "HTTP",
                "timeout": 5,
                "unhealthy_threshold": 2
              }
            ],
            "id": "arn:aws:elasticloadbalancing:eu-west-1:104174084552:targetgroup/psp-https-pxy/e81d7649b064200d",
            "lambda_multi_value_headers_enabled": false,
            "load_balancing_algorithm_type": "round_robin",
            "name": "psp-https-pxy",
            "name_prefix": null,
            "port": 80,
            "protocol": "HTTP",
            "proxy_protocol_v2": false,
            "slow_start": 0,
            "stickiness": [
              {
                "cookie_duration": 86400,
                "enabled": false,
                "type": "lb_cookie"
              }
            ],
            "tags": {
              "Name": "psp-https-pxy"
            },
            "target_type": "instance",
            "vpc_id": "vpc-2df94b4a"
          },
          "private": "bnVsbA==",
          "dependencies": [
            "module.alb.aws_lb.this",
            "module.alb_sg.aws_security_group.this",
            "module.alb_sg.aws_security_group.this_name_prefix"
          ]
        }
      ]
    },
    {
      "module": "module.acm",
      "mode": "managed",
      "type": "aws_route53_record",
      "name": "validation",
      "each": "list",
      "provider": "provider.aws",
      "instances": [
        {
          "index_key": 0,
          "schema_version": 2,
          "attributes": {
            "alias": [],
            "allow_overwrite": true,
            "failover_routing_policy": [],
            "fqdn": "_dfa82b9470aab962d593e2abff806e4c.mikmclean.co.uk",
            "geolocation_routing_policy": [],
            "health_check_id": null,
            "id": "ZW79SE7DKXTIB__dfa82b9470aab962d593e2abff806e4c.mikmclean.co.uk._CNAME",
            "latency_routing_policy": [],
            "multivalue_answer_routing_policy": null,
            "name": "_dfa82b9470aab962d593e2abff806e4c.mikmclean.co.uk",
            "records": [
              "_8721c306cf360e0488fd725861fc2ea5.nhqijqilxf.acm-validations.aws."
            ],
            "set_identifier": null,
            "ttl": 60,
            "type": "CNAME",
            "weighted_routing_policy": [],
            "zone_id": "ZW79SE7DKXTIB"
          },
          "private": "eyJzY2hlbWFfdmVyc2lvbiI6IjIifQ==",
          "dependencies": [
            "module.acm.aws_acm_certificate.this"
          ]
        },
        {
          "index_key": 1,
          "schema_version": 2,
          "attributes": {
            "alias": [],
            "allow_overwrite": true,
            "failover_routing_policy": [],
            "fqdn": "_dfa82b9470aab962d593e2abff806e4c.mikmclean.co.uk",
            "geolocation_routing_policy": [],
            "health_check_id": null,
            "id": "ZW79SE7DKXTIB__dfa82b9470aab962d593e2abff806e4c.mikmclean.co.uk._CNAME",
            "latency_routing_policy": [],
            "multivalue_answer_routing_policy": null,
            "name": "_dfa82b9470aab962d593e2abff806e4c.mikmclean.co.uk",
            "records": [
              "_8721c306cf360e0488fd725861fc2ea5.nhqijqilxf.acm-validations.aws."
            ],
            "set_identifier": null,
            "ttl": 60,
            "type": "CNAME",
            "weighted_routing_policy": [],
            "zone_id": "ZW79SE7DKXTIB"
          },
          "private": "eyJzY2hlbWFfdmVyc2lvbiI6IjIifQ==",
          "dependencies": [
            "module.acm.aws_acm_certificate.this"
          ]
        },
        {
          "index_key": 2,
          "schema_version": 2,
          "attributes": {
            "alias": [],
            "allow_overwrite": true,
            "failover_routing_policy": [],
            "fqdn": "_41d4ac8c71977f0c5410cac263074e0c.app.sub.mikmclean.co.uk",
            "geolocation_routing_policy": [],
            "health_check_id": null,
            "id": "ZW79SE7DKXTIB__41d4ac8c71977f0c5410cac263074e0c.app.sub.mikmclean.co.uk._CNAME",
            "latency_routing_policy": [],
            "multivalue_answer_routing_policy": null,
            "name": "_41d4ac8c71977f0c5410cac263074e0c.app.sub.mikmclean.co.uk",
            "records": [
              "_6d9463e4f5c6b4648dac967bcd510c07.nhqijqilxf.acm-validations.aws."
            ],
            "set_identifier": null,
            "ttl": 60,
            "type": "CNAME",
            "weighted_routing_policy": [],
            "zone_id": "ZW79SE7DKXTIB"
          },
          "private": "eyJzY2hlbWFfdmVyc2lvbiI6IjIifQ==",
          "dependencies": [
            "module.acm.aws_acm_certificate.this"
          ]
        }
      ]
    },
    {
      "module": "module.s3_bucket",
      "mode": "managed",
      "type": "aws_s3_bucket",
      "name": "this",
      "each": "list",
      "provider": "provider.aws",
      "instances": [
        {
          "index_key": 0,
          "schema_version": 0,
          "attributes": {
            "acceleration_status": "",
            "acl": "private",
            "arn": "arn:aws:s3:::mik-test-psp",
            "bucket": "mik-test-psp",
            "bucket_domain_name": "mik-test-psp.s3.amazonaws.com",
            "bucket_prefix": null,
            "bucket_regional_domain_name": "mik-test-psp.s3.eu-west-1.amazonaws.com",
            "cors_rule": [],
            "force_destroy": false,
            "grant": [],
            "hosted_zone_id": "Z1BKCTXD74EZPE",
            "id": "mik-test-psp",
            "lifecycle_rule": [],
            "logging": [],
            "object_lock_configuration": [],
            "policy": null,
            "region": "eu-west-1",
            "replication_configuration": [],
            "request_payer": "BucketOwner",
            "server_side_encryption_configuration": [],
            "tags": null,
            "versioning": [
              {
                "enabled": false,
                "mfa_delete": false
              }
            ],
            "website": [],
            "website_domain": null,
            "website_endpoint": null
          },
          "private": "bnVsbA=="
        }
      ]
    },
    {
      "module": "module.s3_bucket",
      "mode": "managed",
      "type": "aws_s3_bucket_policy",
      "name": "this",
      "each": "list",
      "provider": "provider.aws",
      "instances": []
    },
    {
      "module": "module.s3_bucket",
      "mode": "managed",
      "type": "aws_s3_bucket_public_access_block",
      "name": "this",
      "each": "list",
      "provider": "provider.aws",
      "instances": [
        {
          "index_key": 0,
          "schema_version": 0,
          "attributes": {
            "block_public_acls": false,
            "block_public_policy": false,
            "bucket": "mik-test-psp",
            "id": "mik-test-psp",
            "ignore_public_acls": false,
            "restrict_public_buckets": false
          },
          "private": "bnVsbA==",
          "dependencies": [
            "module.s3_bucket.aws_s3_bucket.this",
            "module.s3_bucket.aws_s3_bucket_policy.this"
          ]
        }
      ]
    },
    {
      "module": "module.vote_service_sg",
      "mode": "managed",
      "type": "aws_security_group",
      "name": "this",
      "each": "list",
      "provider": "provider.aws",
      "instances": []
    },
    {
      "module": "module.alb_sg",
      "mode": "managed",
      "type": "aws_security_group",
      "name": "this",
      "each": "list",
      "provider": "provider.aws",
      "instances": []
    },
    {
      "module": "module.vote_service_sg",
      "mode": "managed",
      "type": "aws_security_group",
      "name": "this_name_prefix",
      "each": "list",
      "provider": "provider.aws",
      "instances": [
        {
          "index_key": 0,
          "schema_version": 1,
          "attributes": {
            "arn": "arn:aws:ec2:eu-west-1:104174084552:security-group/sg-007cf6f4683629c25",
            "description": "Security group for App Servers",
            "egress": [],
            "id": "sg-007cf6f4683629c25",
            "ingress": [],
            "name": "SGPSPWeb-20200403162248229500000003",
            "name_prefix": "SGPSPWeb-",
            "owner_id": "104174084552",
            "revoke_rules_on_delete": false,
            "tags": {
              "Name": "SGPSPWeb"
            },
            "timeouts": null,
            "vpc_id": "vpc-2df94b4a"
          },
          "private": "eyJlMmJmYjczMC1lY2FhLTExZTYtOGY4OC0zNDM2M2JjN2M0YzAiOnsiY3JlYXRlIjo2MDAwMDAwMDAwMDAsImRlbGV0ZSI6NjAwMDAwMDAwMDAwfSwic2NoZW1hX3ZlcnNpb24iOiIxIn0="
        }
      ]
    },
    {
      "module": "module.alb_sg",
      "mode": "managed",
      "type": "aws_security_group",
      "name": "this_name_prefix",
      "each": "list",
      "provider": "provider.aws",
      "instances": [
        {
          "index_key": 0,
          "schema_version": 1,
          "attributes": {
            "arn": "arn:aws:ec2:eu-west-1:104174084552:security-group/sg-0aaa31a1b278a5204",
            "description": "Security group for ALB",
            "egress": [],
            "id": "sg-0aaa31a1b278a5204",
            "ingress": [],
            "name": "SGPSPalb-20200403162248228800000001",
            "name_prefix": "SGPSPalb-",
            "owner_id": "104174084552",
            "revoke_rules_on_delete": false,
            "tags": {
              "Name": "SGPSPalb"
            },
            "timeouts": null,
            "vpc_id": "vpc-2df94b4a"
          },
          "private": "eyJlMmJmYjczMC1lY2FhLTExZTYtOGY4OC0zNDM2M2JjN2M0YzAiOnsiY3JlYXRlIjo2MDAwMDAwMDAwMDAsImRlbGV0ZSI6NjAwMDAwMDAwMDAwfSwic2NoZW1hX3ZlcnNpb24iOiIxIn0="
        }
      ]
    },
    {
      "module": "module.vote_service_sg",
      "mode": "managed",
      "type": "aws_security_group_rule",
      "name": "computed_egress_rules",
      "each": "list",
      "provider": "provider.aws",
      "instances": []
    },
    {
      "module": "module.alb_sg",
      "mode": "managed",
      "type": "aws_security_group_rule",
      "name": "computed_egress_rules",
      "each": "list",
      "provider": "provider.aws",
      "instances": []
    },
    {
      "module": "module.vote_service_sg",
      "mode": "managed",
      "type": "aws_security_group_rule",
      "name": "computed_egress_with_cidr_blocks",
      "each": "list",
      "provider": "provider.aws",
      "instances": []
    },
    {
      "module": "module.alb_sg",
      "mode": "managed",
      "type": "aws_security_group_rule",
      "name": "computed_egress_with_cidr_blocks",
      "each": "list",
      "provider": "provider.aws",
      "instances": []
    },
    {
      "module": "module.vote_service_sg",
      "mode": "managed",
      "type": "aws_security_group_rule",
      "name": "computed_egress_with_ipv6_cidr_blocks",
      "each": "list",
      "provider": "provider.aws",
      "instances": []
    },
    {
      "module": "module.alb_sg",
      "mode": "managed",
      "type": "aws_security_group_rule",
      "name": "computed_egress_with_ipv6_cidr_blocks",
      "each": "list",
      "provider": "provider.aws",
      "instances": []
    },
    {
      "module": "module.vote_service_sg",
      "mode": "managed",
      "type": "aws_security_group_rule",
      "name": "computed_egress_with_self",
      "each": "list",
      "provider": "provider.aws",
      "instances": []
    },
    {
      "module": "module.alb_sg",
      "mode": "managed",
      "type": "aws_security_group_rule",
      "name": "computed_egress_with_self",
      "each": "list",
      "provider": "provider.aws",
      "instances": []
    },
    {
      "module": "module.vote_service_sg",
      "mode": "managed",
      "type": "aws_security_group_rule",
      "name": "computed_egress_with_source_security_group_id",
      "each": "list",
      "provider": "provider.aws",
      "instances": []
    },
    {
      "module": "module.alb_sg",
      "mode": "managed",
      "type": "aws_security_group_rule",
      "name": "computed_egress_with_source_security_group_id",
      "each": "list",
      "provider": "provider.aws",
      "instances": []
    },
    {
      "module": "module.vote_service_sg",
      "mode": "managed",
      "type": "aws_security_group_rule",
      "name": "computed_ingress_rules",
      "each": "list",
      "provider": "provider.aws",
      "instances": []
    },
    {
      "module": "module.alb_sg",
      "mode": "managed",
      "type": "aws_security_group_rule",
      "name": "computed_ingress_rules",
      "each": "list",
      "provider": "provider.aws",
      "instances": []
    },
    {
      "module": "module.vote_service_sg",
      "mode": "managed",
      "type": "aws_security_group_rule",
      "name": "computed_ingress_with_cidr_blocks",
      "each": "list",
      "provider": "provider.aws",
      "instances": []
    },
    {
      "module": "module.alb_sg",
      "mode": "managed",
      "type": "aws_security_group_rule",
      "name": "computed_ingress_with_cidr_blocks",
      "each": "list",
      "provider": "provider.aws",
      "instances": []
    },
    {
      "module": "module.vote_service_sg",
      "mode": "managed",
      "type": "aws_security_group_rule",
      "name": "computed_ingress_with_ipv6_cidr_blocks",
      "each": "list",
      "provider": "provider.aws",
      "instances": []
    },
    {
      "module": "module.alb_sg",
      "mode": "managed",
      "type": "aws_security_group_rule",
      "name": "computed_ingress_with_ipv6_cidr_blocks",
      "each": "list",
      "provider": "provider.aws",
      "instances": []
    },
    {
      "module": "module.vote_service_sg",
      "mode": "managed",
      "type": "aws_security_group_rule",
      "name": "computed_ingress_with_self",
      "each": "list",
      "provider": "provider.aws",
      "instances": []
    },
    {
      "module": "module.alb_sg",
      "mode": "managed",
      "type": "aws_security_group_rule",
      "name": "computed_ingress_with_self",
      "each": "list",
      "provider": "provider.aws",
      "instances": []
    },
    {
      "module": "module.vote_service_sg",
      "mode": "managed",
      "type": "aws_security_group_rule",
      "name": "computed_ingress_with_source_security_group_id",
      "each": "list",
      "provider": "provider.aws",
      "instances": []
    },
    {
      "module": "module.alb_sg",
      "mode": "managed",
      "type": "aws_security_group_rule",
      "name": "computed_ingress_with_source_security_group_id",
      "each": "list",
      "provider": "provider.aws",
      "instances": []
    },
    {
      "module": "module.vote_service_sg",
      "mode": "managed",
      "type": "aws_security_group_rule",
      "name": "egress_rules",
      "each": "list",
      "provider": "provider.aws",
      "instances": []
    },
    {
      "module": "module.alb_sg",
      "mode": "managed",
      "type": "aws_security_group_rule",
      "name": "egress_rules",
      "each": "list",
      "provider": "provider.aws",
      "instances": []
    },
    {
      "module": "module.vote_service_sg",
      "mode": "managed",
      "type": "aws_security_group_rule",
      "name": "egress_with_cidr_blocks",
      "each": "list",
      "provider": "provider.aws",
      "instances": []
    },
    {
      "module": "module.alb_sg",
      "mode": "managed",
      "type": "aws_security_group_rule",
      "name": "egress_with_cidr_blocks",
      "each": "list",
      "provider": "provider.aws",
      "instances": []
    },
    {
      "module": "module.vote_service_sg",
      "mode": "managed",
      "type": "aws_security_group_rule",
      "name": "egress_with_ipv6_cidr_blocks",
      "each": "list",
      "provider": "provider.aws",
      "instances": []
    },
    {
      "module": "module.alb_sg",
      "mode": "managed",
      "type": "aws_security_group_rule",
      "name": "egress_with_ipv6_cidr_blocks",
      "each": "list",
      "provider": "provider.aws",
      "instances": []
    },
    {
      "module": "module.vote_service_sg",
      "mode": "managed",
      "type": "aws_security_group_rule",
      "name": "egress_with_self",
      "each": "list",
      "provider": "provider.aws",
      "instances": []
    },
    {
      "module": "module.alb_sg",
      "mode": "managed",
      "type": "aws_security_group_rule",
      "name": "egress_with_self",
      "each": "list",
      "provider": "provider.aws",
      "instances": []
    },
    {
      "module": "module.vote_service_sg",
      "mode": "managed",
      "type": "aws_security_group_rule",
      "name": "egress_with_source_security_group_id",
      "each": "list",
      "provider": "provider.aws",
      "instances": []
    },
    {
      "module": "module.alb_sg",
      "mode": "managed",
      "type": "aws_security_group_rule",
      "name": "egress_with_source_security_group_id",
      "each": "list",
      "provider": "provider.aws",
      "instances": []
    },
    {
      "module": "module.vote_service_sg",
      "mode": "managed",
      "type": "aws_security_group_rule",
      "name": "ingress_rules",
      "each": "list",
      "provider": "provider.aws",
      "instances": []
    },
    {
      "module": "module.alb_sg",
      "mode": "managed",
      "type": "aws_security_group_rule",
      "name": "ingress_rules",
      "each": "list",
      "provider": "provider.aws",
      "instances": []
    },
    {
      "module": "module.vote_service_sg",
      "mode": "managed",
      "type": "aws_security_group_rule",
      "name": "ingress_with_cidr_blocks",
      "each": "list",
      "provider": "provider.aws",
      "instances": [
        {
          "index_key": 0,
          "schema_version": 2,
          "attributes": {
            "cidr_blocks": [
              "10.10.0.0/16"
            ],
            "description": "HTTPS",
            "from_port": 443,
            "id": "sgrule-4167526381",
            "ipv6_cidr_blocks": null,
            "prefix_list_ids": [],
            "protocol": "tcp",
            "security_group_id": "sg-007cf6f4683629c25",
            "self": false,
            "source_security_group_id": null,
            "to_port": 443,
            "type": "ingress"
          },
          "private": "eyJzY2hlbWFfdmVyc2lvbiI6IjIifQ==",
          "dependencies": [
            "module.vote_service_sg.aws_security_group.this",
            "module.vote_service_sg.aws_security_group.this_name_prefix"
          ]
        }
      ]
    },
    {
      "module": "module.alb_sg",
      "mode": "managed",
      "type": "aws_security_group_rule",
      "name": "ingress_with_cidr_blocks",
      "each": "list",
      "provider": "provider.aws",
      "instances": [
        {
          "index_key": 0,
          "schema_version": 2,
          "attributes": {
            "cidr_blocks": [
              "10.10.0.0/16"
            ],
            "description": "HTTPS",
            "from_port": 443,
            "id": "sgrule-2534027125",
            "ipv6_cidr_blocks": null,
            "prefix_list_ids": [],
            "protocol": "tcp",
            "security_group_id": "sg-0aaa31a1b278a5204",
            "self": false,
            "source_security_group_id": null,
            "to_port": 443,
            "type": "ingress"
          },
          "private": "eyJzY2hlbWFfdmVyc2lvbiI6IjIifQ==",
          "dependencies": [
            "module.alb_sg.aws_security_group.this",
            "module.alb_sg.aws_security_group.this_name_prefix"
          ]
        }
      ]
    },
    {
      "module": "module.vote_service_sg",
      "mode": "managed",
      "type": "aws_security_group_rule",
      "name": "ingress_with_ipv6_cidr_blocks",
      "each": "list",
      "provider": "provider.aws",
      "instances": []
    },
    {
      "module": "module.alb_sg",
      "mode": "managed",
      "type": "aws_security_group_rule",
      "name": "ingress_with_ipv6_cidr_blocks",
      "each": "list",
      "provider": "provider.aws",
      "instances": []
    },
    {
      "module": "module.vote_service_sg",
      "mode": "managed",
      "type": "aws_security_group_rule",
      "name": "ingress_with_self",
      "each": "list",
      "provider": "provider.aws",
      "instances": []
    },
    {
      "module": "module.alb_sg",
      "mode": "managed",
      "type": "aws_security_group_rule",
      "name": "ingress_with_self",
      "each": "list",
      "provider": "provider.aws",
      "instances": []
    },
    {
      "module": "module.vote_service_sg",
      "mode": "managed",
      "type": "aws_security_group_rule",
      "name": "ingress_with_source_security_group_id",
      "each": "list",
      "provider": "provider.aws",
      "instances": []
    },
    {
      "module": "module.alb_sg",
      "mode": "managed",
      "type": "aws_security_group_rule",
      "name": "ingress_with_source_security_group_id",
      "each": "list",
      "provider": "provider.aws",
      "instances": []
    },
    {
      "mode": "managed",
      "type": "tls_private_key",
      "name": "TEST-PSP",
      "provider": "provider.tls",
      "instances": [
        {
          "schema_version": 0,
          "attributes": {
            "algorithm": "RSA",
            "ecdsa_curve": "P224",
            "id": "1c308c3b369c8015aad72150e66ac208447a2155",
            "private_key_pem": "-----BEGIN RSA PRIVATE KEY-----\nMIIEpAIBAAKCAQEAtUtAZSWE2gANIE6hH7s//h4zs041iYd6y7/XaoI01dqOsS8x\nOyfFa20BsgI691/Z0LjObKF90MRWa6zLQF3/6V3uyxPZ9doIIJowYOOS/2oEDJ0i\nk3cSVhHH/OtvFg2zmdPbmOs+xQtdZtyizgeZMmOvILQQKzP8bsVQSqQVtyVtZXvr\n4IHQ6eZDwbTKOAXaX+mmI8ZqprLUj+E5cNXn9uONHcQgj0h2uSGbtoIr418IJzhZ\nyzk/0vyyRz6LmcHx58Pgx51n8RSQQ/ktnuP4FZtPRlmuJxCE8Yp/UktPP6gt9U2r\nCQx7+whmydcVjWYbS/V+uHvAhERJM/zD7uX/ZwIDAQABAoIBAFGfObTQOYn0r/Q1\nsnEY2uzMKDa4JX5v0qddDd1UFfmaVtgLCT064LVG9JZyTp4FN4mzSqy54G1XmBkO\nSMwIBinJMrOXknAP48zZ3qIgk5QO5RfQvzppR4Ycp0+FqBPjw1KkgZ/Negs43Kps\n95eO8DgxjS1KJGVvGF2+1DFmwqgbnalg7jnp0U74ld1jbjtmaOwepH5A7Y4484vv\nx0ddHUffBvwhtyDtdh61htL9Yw0b8t0mFou0x4S6HJBG2rw1pAEWQz2534Hl8oKa\nrnPALSPCCYDt76ZDX97+4XFTsY2KSzXZGQEH6OP+fqkr3wzXimQaMc8E8/vRi5BW\n5+bXNCECgYEA01PHQjonMsXvvKhdFAdx+NgjmNVx86YUy/+SGXX25O/I/qkbSbZS\nu2Dx8Zni6fSIPV6QC0zu850rMdaIq/yXbtZQ2AsjLKUlm98e496x+o/2+tNSaR/t\nsJoV+34icmps654VlFWbZ5BXJTPrUQ0NnGMjS2PvMN3lp9TpNgZTbHkCgYEA254v\nhWkiYqZMPckKtHtlSXd3Vg6MKu/VSRbvVEC6fyz2ySYZYEFu/6jO+yAtcVpPpt9G\n1z/YQ7HJgiegjlN3lum6NflbfWTWvpjCv8K9mZuDWXA9UT4DSBimd/4bnXf2sXtK\nxRL54wPrYY05CTF9wgyLa7t+iBy8Br7A4qjqEt8CgYAicCywpjltFMSUwfspIG16\nV/61EVOYmSAafnOYopixhkIC/hvsT0H8Nzg2XxWTer4ZAigHL2phWOOJI6TyIh+r\neFGEY4w/4knWtO2bxNbMNlnRVk6/wuxBM1sRuOR0MNO/MeviWHES13rcHTHj63Sk\nX6OIzahVFlQunYvDuhQuQQKBgQCJuZLdnEf3C4jmekxfUL79KpFJA4h9aLgdxOdD\ns/AAzybYkC77wS0l4SwkKlK1MkifQog/dodeNIFFQSqb9tYZauve60inw3Q0RMJk\n1XBngzIFBbE+YKBYNzU2LMIOp2uqc8I5AqR47D1RiOnKzSGrboiEgClinHqB1GBM\nBFf+iwKBgQDBsDN33GbyI3ERPkLYlPLYEXdDTQj/n5U1Do3YPc6S4xRjKnyOI87v\nYeKSeD1DWE9MFCwRltjwvUoLRgwv01VL2yXvCfGIaWhF8Ithou35B4+Y9f+QGpTr\nxXeRdI1Gjd/xy1JFrc0nGc8dxLEq5jNwDXeMXBhMpDYikLZVrAaluQ==\n-----END RSA PRIVATE KEY-----\n",
            "public_key_fingerprint_md5": "7f:05:2c:71:83:a1:a3:3e:cc:d0:2b:9d:6e:15:9d:94",
            "public_key_openssh": "ssh-rsa AAAAB3NzaC1yc2EAAAADAQABAAABAQC1S0BlJYTaAA0gTqEfuz/+HjOzTjWJh3rLv9dqgjTV2o6xLzE7J8VrbQGyAjr3X9nQuM5soX3QxFZrrMtAXf/pXe7LE9n12gggmjBg45L/agQMnSKTdxJWEcf8628WDbOZ09uY6z7FC11m3KLOB5kyY68gtBArM/xuxVBKpBW3JW1le+vggdDp5kPBtMo4Bdpf6aYjxmqmstSP4Tlw1ef2440dxCCPSHa5IZu2givjXwgnOFnLOT/S/LJHPouZwfHnw+DHnWfxFJBD+S2e4/gVm09GWa4nEITxin9SS08/qC31TasJDHv7CGbJ1xWNZhtL9X64e8CEREkz/MPu5f9n\n",
            "public_key_pem": "-----BEGIN PUBLIC KEY-----\nMIIBIjANBgkqhkiG9w0BAQEFAAOCAQ8AMIIBCgKCAQEAtUtAZSWE2gANIE6hH7s/\n/h4zs041iYd6y7/XaoI01dqOsS8xOyfFa20BsgI691/Z0LjObKF90MRWa6zLQF3/\n6V3uyxPZ9doIIJowYOOS/2oEDJ0ik3cSVhHH/OtvFg2zmdPbmOs+xQtdZtyizgeZ\nMmOvILQQKzP8bsVQSqQVtyVtZXvr4IHQ6eZDwbTKOAXaX+mmI8ZqprLUj+E5cNXn\n9uONHcQgj0h2uSGbtoIr418IJzhZyzk/0vyyRz6LmcHx58Pgx51n8RSQQ/ktnuP4\nFZtPRlmuJxCE8Yp/UktPP6gt9U2rCQx7+whmydcVjWYbS/V+uHvAhERJM/zD7uX/\nZwIDAQAB\n-----END PUBLIC KEY-----\n",
            "rsa_bits": 2048
          },
          "private": "bnVsbA=="
        }
      ]
    }
  ]
}
